// !$*UTF8*$!
{
	archiveVersion = 1;
	classes = {
	};
	objectVersion = 55;
	objects = {

/* Begin PBXBuildFile section */
		423E632C278C25660008AC7A /* BaristaApp.swift in Sources */ = {isa = PBXBuildFile; fileRef = 423E632B278C25660008AC7A /* BaristaApp.swift */; };
		423E6330278C25680008AC7A /* Assets.xcassets in Resources */ = {isa = PBXBuildFile; fileRef = 423E632F278C25680008AC7A /* Assets.xcassets */; };
		423E6333278C25680008AC7A /* Preview Assets.xcassets in Resources */ = {isa = PBXBuildFile; fileRef = 423E6332278C25680008AC7A /* Preview Assets.xcassets */; };
		423E633D278C25680008AC7A /* BaristaTests.swift in Sources */ = {isa = PBXBuildFile; fileRef = 423E633C278C25680008AC7A /* BaristaTests.swift */; };
		423E6347278C25680008AC7A /* BaristaUITests.swift in Sources */ = {isa = PBXBuildFile; fileRef = 423E6346278C25680008AC7A /* BaristaUITests.swift */; };
		423E6349278C25680008AC7A /* BaristaUITestsLaunchTests.swift in Sources */ = {isa = PBXBuildFile; fileRef = 423E6348278C25680008AC7A /* BaristaUITestsLaunchTests.swift */; };
		423E635E278C398A0008AC7A /* CoffeeStyle.swift in Sources */ = {isa = PBXBuildFile; fileRef = 423E635D278C398A0008AC7A /* CoffeeStyle.swift */; };
		423E6360278C39F10008AC7A /* Coffee.swift in Sources */ = {isa = PBXBuildFile; fileRef = 423E635F278C39F10008AC7A /* Coffee.swift */; };
		423E6362278C3A130008AC7A /* Size.swift in Sources */ = {isa = PBXBuildFile; fileRef = 423E6361278C3A130008AC7A /* Size.swift */; };
		423E6364278C3A440008AC7A /* Extra.swift in Sources */ = {isa = PBXBuildFile; fileRef = 423E6363278C3A440008AC7A /* Extra.swift */; };
		423E6366278C3DA90008AC7A /* CoffeeError.swift in Sources */ = {isa = PBXBuildFile; fileRef = 423E6365278C3DA90008AC7A /* CoffeeError.swift */; };
		423E6368278C62400008AC7A /* Endpoints.swift in Sources */ = {isa = PBXBuildFile; fileRef = 423E6367278C62400008AC7A /* Endpoints.swift */; };
		423E636E278C6CAC0008AC7A /* UIColor+Ext.swift in Sources */ = {isa = PBXBuildFile; fileRef = 423E636D278C6CAC0008AC7A /* UIColor+Ext.swift */; };
		423E6372278C768A0008AC7A /* CardView.swift in Sources */ = {isa = PBXBuildFile; fileRef = 423E6371278C768A0008AC7A /* CardView.swift */; };
		423E6374278C7F150008AC7A /* DefaultViewTraits.swift in Sources */ = {isa = PBXBuildFile; fileRef = 423E6373278C7F150008AC7A /* DefaultViewTraits.swift */; };
		423E6376278C80DE0008AC7A /* StylesViewModel.swift in Sources */ = {isa = PBXBuildFile; fileRef = 423E6375278C80DE0008AC7A /* StylesViewModel.swift */; };
		423E6378278C82570008AC7A /* ScanViewModel.swift in Sources */ = {isa = PBXBuildFile; fileRef = 423E6377278C82570008AC7A /* ScanViewModel.swift */; };
		423E637C278C8E340008AC7A /* ScanView.swift in Sources */ = {isa = PBXBuildFile; fileRef = 423E637B278C8E340008AC7A /* ScanView.swift */; };
		423E637E278C98050008AC7A /* Fonts.swift in Sources */ = {isa = PBXBuildFile; fileRef = 423E637D278C98050008AC7A /* Fonts.swift */; };
		423E6380278CAED50008AC7A /* SubtitleText.swift in Sources */ = {isa = PBXBuildFile; fileRef = 423E637F278CAED50008AC7A /* SubtitleText.swift */; };
		423E6383278CB1D80008AC7A /* TitleText.swift in Sources */ = {isa = PBXBuildFile; fileRef = 423E6382278CB1D70008AC7A /* TitleText.swift */; };
		423E6385278CB2090008AC7A /* LinkText.swift in Sources */ = {isa = PBXBuildFile; fileRef = 423E6384278CB2090008AC7A /* LinkText.swift */; };
		423E6389278CB43F0008AC7A /* Localizable.strings in Resources */ = {isa = PBXBuildFile; fileRef = 423E6388278CB43F0008AC7A /* Localizable.strings */; };
		423E638C278CB5C80008AC7A /* Localizable.swift in Sources */ = {isa = PBXBuildFile; fileRef = 423E638B278CB5C80008AC7A /* Localizable.swift */; };
		423E638E278CC3060008AC7A /* CoffeeNavigationView.swift in Sources */ = {isa = PBXBuildFile; fileRef = 423E638D278CC3060008AC7A /* CoffeeNavigationView.swift */; };
		4256108E278CD16B00EDB325 /* View+Ext.swift in Sources */ = {isa = PBXBuildFile; fileRef = 4256108D278CD16B00EDB325 /* View+Ext.swift */; };
		42561090278CD33500EDB325 /* StylesView.swift in Sources */ = {isa = PBXBuildFile; fileRef = 4256108F278CD33500EDB325 /* StylesView.swift */; };
		42561093278D6DB100EDB325 /* DependencyContainer.swift in Sources */ = {isa = PBXBuildFile; fileRef = 42561092278D6DB100EDB325 /* DependencyContainer.swift */; };
		42561095278D6DF400EDB325 /* DependencyObject.swift in Sources */ = {isa = PBXBuildFile; fileRef = 42561094278D6DF400EDB325 /* DependencyObject.swift */; };
		42561097278D6E4300EDB325 /* DependencyLifecycle.swift in Sources */ = {isa = PBXBuildFile; fileRef = 42561096278D6E4300EDB325 /* DependencyLifecycle.swift */; };
		42561099278D6EA600EDB325 /* Inject.swift in Sources */ = {isa = PBXBuildFile; fileRef = 42561098278D6EA600EDB325 /* Inject.swift */; };
		4256109E278D9A7E00EDB325 /* AssetName.swift in Sources */ = {isa = PBXBuildFile; fileRef = 4256109D278D9A7E00EDB325 /* AssetName.swift */; };
		425610A0278DA16700EDB325 /* SizesView.swift in Sources */ = {isa = PBXBuildFile; fileRef = 4256109F278DA16700EDB325 /* SizesView.swift */; };
		425610A2278DA1A400EDB325 /* ExtrasView.swift in Sources */ = {isa = PBXBuildFile; fileRef = 425610A1278DA1A400EDB325 /* ExtrasView.swift */; };
		425610A4278DA1B600EDB325 /* OverviewView.swift in Sources */ = {isa = PBXBuildFile; fileRef = 425610A3278DA1B600EDB325 /* OverviewView.swift */; };
		425610A6278DB37100EDB325 /* SizesViewModel.swift in Sources */ = {isa = PBXBuildFile; fileRef = 425610A5278DB37100EDB325 /* SizesViewModel.swift */; };
		425610A8278DB3A200EDB325 /* ExtrasViewModel.swift in Sources */ = {isa = PBXBuildFile; fileRef = 425610A7278DB3A200EDB325 /* ExtrasViewModel.swift */; };
		425610AA278DB3CF00EDB325 /* OverviewViewModel.swift in Sources */ = {isa = PBXBuildFile; fileRef = 425610A9278DB3CF00EDB325 /* OverviewViewModel.swift */; };
		425610AC278DB3F400EDB325 /* Overview.swift in Sources */ = {isa = PBXBuildFile; fileRef = 425610AB278DB3F400EDB325 /* Overview.swift */; };
		425610AE278DBD0500EDB325 /* StyleCard.swift in Sources */ = {isa = PBXBuildFile; fileRef = 425610AD278DBD0500EDB325 /* StyleCard.swift */; };
		425610B1278DD1C500EDB325 /* Selectable.swift in Sources */ = {isa = PBXBuildFile; fileRef = 425610B0278DD1C500EDB325 /* Selectable.swift */; };
		425610B3278DFACC00EDB325 /* StyleRowViewModel.swift in Sources */ = {isa = PBXBuildFile; fileRef = 425610B2278DFACC00EDB325 /* StyleRowViewModel.swift */; };
		425610B5278E07F200EDB325 /* SizeRowViewModel.swift in Sources */ = {isa = PBXBuildFile; fileRef = 425610B4278E07F200EDB325 /* SizeRowViewModel.swift */; };
		425610B7278E0DAA00EDB325 /* ExtraRowViewModel.swift in Sources */ = {isa = PBXBuildFile; fileRef = 425610B6278E0DAA00EDB325 /* ExtraRowViewModel.swift */; };
		425610B9278E119A00EDB325 /* ExtraCardView.swift in Sources */ = {isa = PBXBuildFile; fileRef = 425610B8278E119A00EDB325 /* ExtraCardView.swift */; };
		42C1C875278EBEE7006E3ED2 /* NetworkManager.swift in Sources */ = {isa = PBXBuildFile; fileRef = 42C1C874278EBEE7006E3ED2 /* NetworkManager.swift */; };
		42C1C87C278F6F58006E3ED2 /* OverviewRow.swift in Sources */ = {isa = PBXBuildFile; fileRef = 42C1C87B278F6F58006E3ED2 /* OverviewRow.swift */; };
		42C1C87E278F8091006E3ED2 /* CoffeeButton.swift in Sources */ = {isa = PBXBuildFile; fileRef = 42C1C87D278F8091006E3ED2 /* CoffeeButton.swift */; };
		42F4AED127917FA800972AF1 /* Router.swift in Sources */ = {isa = PBXBuildFile; fileRef = 42F4AED027917FA800972AF1 /* Router.swift */; };
/* End PBXBuildFile section */

/* Begin PBXContainerItemProxy section */
		423E6339278C25680008AC7A /* PBXContainerItemProxy */ = {
			isa = PBXContainerItemProxy;
			containerPortal = 423E6320278C25660008AC7A /* Project object */;
			proxyType = 1;
			remoteGlobalIDString = 423E6327278C25660008AC7A;
			remoteInfo = Barista;
		};
		423E6343278C25680008AC7A /* PBXContainerItemProxy */ = {
			isa = PBXContainerItemProxy;
			containerPortal = 423E6320278C25660008AC7A /* Project object */;
			proxyType = 1;
			remoteGlobalIDString = 423E6327278C25660008AC7A;
			remoteInfo = Barista;
		};
/* End PBXContainerItemProxy section */

/* Begin PBXFileReference section */
		423E6328278C25660008AC7A /* Barista.app */ = {isa = PBXFileReference; explicitFileType = wrapper.application; includeInIndex = 0; path = Barista.app; sourceTree = BUILT_PRODUCTS_DIR; };
		423E632B278C25660008AC7A /* BaristaApp.swift */ = {isa = PBXFileReference; lastKnownFileType = sourcecode.swift; path = BaristaApp.swift; sourceTree = "<group>"; };
		423E632F278C25680008AC7A /* Assets.xcassets */ = {isa = PBXFileReference; lastKnownFileType = folder.assetcatalog; path = Assets.xcassets; sourceTree = "<group>"; };
		423E6332278C25680008AC7A /* Preview Assets.xcassets */ = {isa = PBXFileReference; lastKnownFileType = folder.assetcatalog; path = "Preview Assets.xcassets"; sourceTree = "<group>"; };
		423E6338278C25680008AC7A /* BaristaTests.xctest */ = {isa = PBXFileReference; explicitFileType = wrapper.cfbundle; includeInIndex = 0; path = BaristaTests.xctest; sourceTree = BUILT_PRODUCTS_DIR; };
		423E633C278C25680008AC7A /* BaristaTests.swift */ = {isa = PBXFileReference; lastKnownFileType = sourcecode.swift; path = BaristaTests.swift; sourceTree = "<group>"; };
		423E6342278C25680008AC7A /* BaristaUITests.xctest */ = {isa = PBXFileReference; explicitFileType = wrapper.cfbundle; includeInIndex = 0; path = BaristaUITests.xctest; sourceTree = BUILT_PRODUCTS_DIR; };
		423E6346278C25680008AC7A /* BaristaUITests.swift */ = {isa = PBXFileReference; lastKnownFileType = sourcecode.swift; path = BaristaUITests.swift; sourceTree = "<group>"; };
		423E6348278C25680008AC7A /* BaristaUITestsLaunchTests.swift */ = {isa = PBXFileReference; lastKnownFileType = sourcecode.swift; path = BaristaUITestsLaunchTests.swift; sourceTree = "<group>"; };
		423E635D278C398A0008AC7A /* CoffeeStyle.swift */ = {isa = PBXFileReference; lastKnownFileType = sourcecode.swift; path = CoffeeStyle.swift; sourceTree = "<group>"; };
		423E635F278C39F10008AC7A /* Coffee.swift */ = {isa = PBXFileReference; lastKnownFileType = sourcecode.swift; path = Coffee.swift; sourceTree = "<group>"; };
		423E6361278C3A130008AC7A /* Size.swift */ = {isa = PBXFileReference; lastKnownFileType = sourcecode.swift; path = Size.swift; sourceTree = "<group>"; };
		423E6363278C3A440008AC7A /* Extra.swift */ = {isa = PBXFileReference; lastKnownFileType = sourcecode.swift; path = Extra.swift; sourceTree = "<group>"; };
		423E6365278C3DA90008AC7A /* CoffeeError.swift */ = {isa = PBXFileReference; lastKnownFileType = sourcecode.swift; path = CoffeeError.swift; sourceTree = "<group>"; };
		423E6367278C62400008AC7A /* Endpoints.swift */ = {isa = PBXFileReference; lastKnownFileType = sourcecode.swift; path = Endpoints.swift; sourceTree = "<group>"; };
		423E636D278C6CAC0008AC7A /* UIColor+Ext.swift */ = {isa = PBXFileReference; lastKnownFileType = sourcecode.swift; path = "UIColor+Ext.swift"; sourceTree = "<group>"; };
		423E6371278C768A0008AC7A /* CardView.swift */ = {isa = PBXFileReference; lastKnownFileType = sourcecode.swift; path = CardView.swift; sourceTree = "<group>"; };
		423E6373278C7F150008AC7A /* DefaultViewTraits.swift */ = {isa = PBXFileReference; lastKnownFileType = sourcecode.swift; path = DefaultViewTraits.swift; sourceTree = "<group>"; };
		423E6375278C80DE0008AC7A /* StylesViewModel.swift */ = {isa = PBXFileReference; lastKnownFileType = sourcecode.swift; path = StylesViewModel.swift; sourceTree = "<group>"; };
		423E6377278C82570008AC7A /* ScanViewModel.swift */ = {isa = PBXFileReference; lastKnownFileType = sourcecode.swift; path = ScanViewModel.swift; sourceTree = "<group>"; };
		423E637B278C8E340008AC7A /* ScanView.swift */ = {isa = PBXFileReference; lastKnownFileType = sourcecode.swift; path = ScanView.swift; sourceTree = "<group>"; };
		423E637D278C98050008AC7A /* Fonts.swift */ = {isa = PBXFileReference; lastKnownFileType = sourcecode.swift; path = Fonts.swift; sourceTree = "<group>"; };
		423E637F278CAED50008AC7A /* SubtitleText.swift */ = {isa = PBXFileReference; lastKnownFileType = sourcecode.swift; path = SubtitleText.swift; sourceTree = "<group>"; };
		423E6382278CB1D70008AC7A /* TitleText.swift */ = {isa = PBXFileReference; lastKnownFileType = sourcecode.swift; path = TitleText.swift; sourceTree = "<group>"; };
		423E6384278CB2090008AC7A /* LinkText.swift */ = {isa = PBXFileReference; lastKnownFileType = sourcecode.swift; path = LinkText.swift; sourceTree = "<group>"; };
		423E6388278CB43F0008AC7A /* Localizable.strings */ = {isa = PBXFileReference; lastKnownFileType = text.plist.strings; path = Localizable.strings; sourceTree = "<group>"; };
		423E638B278CB5C80008AC7A /* Localizable.swift */ = {isa = PBXFileReference; lastKnownFileType = sourcecode.swift; path = Localizable.swift; sourceTree = "<group>"; };
		423E638D278CC3060008AC7A /* CoffeeNavigationView.swift */ = {isa = PBXFileReference; lastKnownFileType = sourcecode.swift; path = CoffeeNavigationView.swift; sourceTree = "<group>"; };
		4256108D278CD16B00EDB325 /* View+Ext.swift */ = {isa = PBXFileReference; lastKnownFileType = sourcecode.swift; path = "View+Ext.swift"; sourceTree = "<group>"; };
		4256108F278CD33500EDB325 /* StylesView.swift */ = {isa = PBXFileReference; lastKnownFileType = sourcecode.swift; path = StylesView.swift; sourceTree = "<group>"; };
		42561092278D6DB100EDB325 /* DependencyContainer.swift */ = {isa = PBXFileReference; lastKnownFileType = sourcecode.swift; path = DependencyContainer.swift; sourceTree = "<group>"; };
		42561094278D6DF400EDB325 /* DependencyObject.swift */ = {isa = PBXFileReference; lastKnownFileType = sourcecode.swift; path = DependencyObject.swift; sourceTree = "<group>"; };
		42561096278D6E4300EDB325 /* DependencyLifecycle.swift */ = {isa = PBXFileReference; lastKnownFileType = sourcecode.swift; path = DependencyLifecycle.swift; sourceTree = "<group>"; };
		42561098278D6EA600EDB325 /* Inject.swift */ = {isa = PBXFileReference; lastKnownFileType = sourcecode.swift; path = Inject.swift; sourceTree = "<group>"; };
		4256109D278D9A7E00EDB325 /* AssetName.swift */ = {isa = PBXFileReference; lastKnownFileType = sourcecode.swift; path = AssetName.swift; sourceTree = "<group>"; };
		4256109F278DA16700EDB325 /* SizesView.swift */ = {isa = PBXFileReference; lastKnownFileType = sourcecode.swift; path = SizesView.swift; sourceTree = "<group>"; };
		425610A1278DA1A400EDB325 /* ExtrasView.swift */ = {isa = PBXFileReference; lastKnownFileType = sourcecode.swift; path = ExtrasView.swift; sourceTree = "<group>"; };
		425610A3278DA1B600EDB325 /* OverviewView.swift */ = {isa = PBXFileReference; lastKnownFileType = sourcecode.swift; path = OverviewView.swift; sourceTree = "<group>"; };
		425610A5278DB37100EDB325 /* SizesViewModel.swift */ = {isa = PBXFileReference; lastKnownFileType = sourcecode.swift; path = SizesViewModel.swift; sourceTree = "<group>"; };
		425610A7278DB3A200EDB325 /* ExtrasViewModel.swift */ = {isa = PBXFileReference; lastKnownFileType = sourcecode.swift; path = ExtrasViewModel.swift; sourceTree = "<group>"; };
		425610A9278DB3CF00EDB325 /* OverviewViewModel.swift */ = {isa = PBXFileReference; lastKnownFileType = sourcecode.swift; path = OverviewViewModel.swift; sourceTree = "<group>"; };
		425610AB278DB3F400EDB325 /* Overview.swift */ = {isa = PBXFileReference; lastKnownFileType = sourcecode.swift; path = Overview.swift; sourceTree = "<group>"; };
		425610AD278DBD0500EDB325 /* StyleCard.swift */ = {isa = PBXFileReference; lastKnownFileType = sourcecode.swift; path = StyleCard.swift; sourceTree = "<group>"; };
		425610B0278DD1C500EDB325 /* Selectable.swift */ = {isa = PBXFileReference; lastKnownFileType = sourcecode.swift; path = Selectable.swift; sourceTree = "<group>"; };
		425610B2278DFACC00EDB325 /* StyleRowViewModel.swift */ = {isa = PBXFileReference; lastKnownFileType = sourcecode.swift; path = StyleRowViewModel.swift; sourceTree = "<group>"; };
		425610B4278E07F200EDB325 /* SizeRowViewModel.swift */ = {isa = PBXFileReference; lastKnownFileType = sourcecode.swift; path = SizeRowViewModel.swift; sourceTree = "<group>"; };
		425610B6278E0DAA00EDB325 /* ExtraRowViewModel.swift */ = {isa = PBXFileReference; lastKnownFileType = sourcecode.swift; path = ExtraRowViewModel.swift; sourceTree = "<group>"; };
		425610B8278E119A00EDB325 /* ExtraCardView.swift */ = {isa = PBXFileReference; lastKnownFileType = sourcecode.swift; path = ExtraCardView.swift; sourceTree = "<group>"; };
		42C1C874278EBEE7006E3ED2 /* NetworkManager.swift */ = {isa = PBXFileReference; lastKnownFileType = sourcecode.swift; path = NetworkManager.swift; sourceTree = "<group>"; };
		42C1C87B278F6F58006E3ED2 /* OverviewRow.swift */ = {isa = PBXFileReference; lastKnownFileType = sourcecode.swift; path = OverviewRow.swift; sourceTree = "<group>"; };
		42C1C87D278F8091006E3ED2 /* CoffeeButton.swift */ = {isa = PBXFileReference; lastKnownFileType = sourcecode.swift; path = CoffeeButton.swift; sourceTree = "<group>"; };
		42F4AECE2790133C00972AF1 /* Info.plist */ = {isa = PBXFileReference; lastKnownFileType = text.plist; path = Info.plist; sourceTree = "<group>"; };
		42F4AED027917FA800972AF1 /* Router.swift */ = {isa = PBXFileReference; fileEncoding = 4; lastKnownFileType = sourcecode.swift; path = Router.swift; sourceTree = "<group>"; };
/* End PBXFileReference section */

/* Begin PBXFrameworksBuildPhase section */
		423E6325278C25660008AC7A /* Frameworks */ = {
			isa = PBXFrameworksBuildPhase;
			buildActionMask = 2147483647;
			files = (
			);
			runOnlyForDeploymentPostprocessing = 0;
		};
		423E6335278C25680008AC7A /* Frameworks */ = {
			isa = PBXFrameworksBuildPhase;
			buildActionMask = 2147483647;
			files = (
			);
			runOnlyForDeploymentPostprocessing = 0;
		};
		423E633F278C25680008AC7A /* Frameworks */ = {
			isa = PBXFrameworksBuildPhase;
			buildActionMask = 2147483647;
			files = (
			);
			runOnlyForDeploymentPostprocessing = 0;
		};
/* End PBXFrameworksBuildPhase section */

/* Begin PBXGroup section */
		423E631F278C25660008AC7A = {
			isa = PBXGroup;
			children = (
				423E632A278C25660008AC7A /* Barista */,
				423E633B278C25680008AC7A /* BaristaTests */,
				423E6345278C25680008AC7A /* BaristaUITests */,
				423E6329278C25660008AC7A /* Products */,
			);
			sourceTree = "<group>";
		};
		423E6329278C25660008AC7A /* Products */ = {
			isa = PBXGroup;
			children = (
				423E6328278C25660008AC7A /* Barista.app */,
				423E6338278C25680008AC7A /* BaristaTests.xctest */,
				423E6342278C25680008AC7A /* BaristaUITests.xctest */,
			);
			name = Products;
			sourceTree = "<group>";
		};
		423E632A278C25660008AC7A /* Barista */ = {
			isa = PBXGroup;
			children = (
				42F4AECF27917F6500972AF1 /* Routing */,
				42F4AECE2790133C00972AF1 /* Info.plist */,
				425610AF278DD1AC00EDB325 /* Selectable */,
				42561091278D6D9A00EDB325 /* Injection */,
				423E638A278CB59A0008AC7A /* Utils */,
				423E6387278CB40D0008AC7A /* Resources */,
				423E6386278CB3DB0008AC7A /* View Components */,
				423E636C278C6C610008AC7A /* Styling */,
				423E635C278C332A0008AC7A /* Overview */,
				423E635B278C33110008AC7A /* Extras */,
				423E635A278C330B0008AC7A /* Sizes */,
				423E6359278C33030008AC7A /* Styles */,
				423E6358278C32F50008AC7A /* Scan */,
				423E6355278C259B0008AC7A /* Network */,
				423E632B278C25660008AC7A /* BaristaApp.swift */,
				423E632F278C25680008AC7A /* Assets.xcassets */,
				423E6331278C25680008AC7A /* Preview Content */,
			);
			path = Barista;
			sourceTree = "<group>";
		};
		423E6331278C25680008AC7A /* Preview Content */ = {
			isa = PBXGroup;
			children = (
				423E6332278C25680008AC7A /* Preview Assets.xcassets */,
			);
			path = "Preview Content";
			sourceTree = "<group>";
		};
		423E633B278C25680008AC7A /* BaristaTests */ = {
			isa = PBXGroup;
			children = (
				423E633C278C25680008AC7A /* BaristaTests.swift */,
			);
			path = BaristaTests;
			sourceTree = "<group>";
		};
		423E6345278C25680008AC7A /* BaristaUITests */ = {
			isa = PBXGroup;
			children = (
				423E6346278C25680008AC7A /* BaristaUITests.swift */,
				423E6348278C25680008AC7A /* BaristaUITestsLaunchTests.swift */,
			);
			path = BaristaUITests;
			sourceTree = "<group>";
		};
		423E6355278C259B0008AC7A /* Network */ = {
			isa = PBXGroup;
			children = (
				423E6365278C3DA90008AC7A /* CoffeeError.swift */,
				423E6367278C62400008AC7A /* Endpoints.swift */,
				42C1C874278EBEE7006E3ED2 /* NetworkManager.swift */,
			);
			path = Network;
			sourceTree = "<group>";
		};
		423E6358278C32F50008AC7A /* Scan */ = {
			isa = PBXGroup;
			children = (
				423E635F278C39F10008AC7A /* Coffee.swift */,
				423E6377278C82570008AC7A /* ScanViewModel.swift */,
				423E637B278C8E340008AC7A /* ScanView.swift */,
			);
			path = Scan;
			sourceTree = "<group>";
		};
		423E6359278C33030008AC7A /* Styles */ = {
			isa = PBXGroup;
			children = (
				423E635D278C398A0008AC7A /* CoffeeStyle.swift */,
				423E6375278C80DE0008AC7A /* StylesViewModel.swift */,
				4256108F278CD33500EDB325 /* StylesView.swift */,
				425610B2278DFACC00EDB325 /* StyleRowViewModel.swift */,
			);
			path = Styles;
			sourceTree = "<group>";
		};
		423E635A278C330B0008AC7A /* Sizes */ = {
			isa = PBXGroup;
			children = (
				423E6361278C3A130008AC7A /* Size.swift */,
				4256109F278DA16700EDB325 /* SizesView.swift */,
				425610A5278DB37100EDB325 /* SizesViewModel.swift */,
				425610B4278E07F200EDB325 /* SizeRowViewModel.swift */,
			);
			path = Sizes;
			sourceTree = "<group>";
		};
		423E635B278C33110008AC7A /* Extras */ = {
			isa = PBXGroup;
			children = (
				423E6363278C3A440008AC7A /* Extra.swift */,
				425610A1278DA1A400EDB325 /* ExtrasView.swift */,
				425610A7278DB3A200EDB325 /* ExtrasViewModel.swift */,
				425610B6278E0DAA00EDB325 /* ExtraRowViewModel.swift */,
			);
			path = Extras;
			sourceTree = "<group>";
		};
		423E635C278C332A0008AC7A /* Overview */ = {
			isa = PBXGroup;
			children = (
				425610A3278DA1B600EDB325 /* OverviewView.swift */,
				425610A9278DB3CF00EDB325 /* OverviewViewModel.swift */,
				425610AB278DB3F400EDB325 /* Overview.swift */,
			);
			path = Overview;
			sourceTree = "<group>";
		};
		423E636C278C6C610008AC7A /* Styling */ = {
			isa = PBXGroup;
			children = (
				423E636D278C6CAC0008AC7A /* UIColor+Ext.swift */,
				423E6373278C7F150008AC7A /* DefaultViewTraits.swift */,
				423E637D278C98050008AC7A /* Fonts.swift */,
			);
			path = Styling;
			sourceTree = "<group>";
		};
		423E6386278CB3DB0008AC7A /* View Components */ = {
			isa = PBXGroup;
			children = (
				423E6371278C768A0008AC7A /* CardView.swift */,
				423E637F278CAED50008AC7A /* SubtitleText.swift */,
				423E6382278CB1D70008AC7A /* TitleText.swift */,
				423E6384278CB2090008AC7A /* LinkText.swift */,
				423E638D278CC3060008AC7A /* CoffeeNavigationView.swift */,
				425610AD278DBD0500EDB325 /* StyleCard.swift */,
				425610B8278E119A00EDB325 /* ExtraCardView.swift */,
				42C1C87B278F6F58006E3ED2 /* OverviewRow.swift */,
				42C1C87D278F8091006E3ED2 /* CoffeeButton.swift */,
			);
			path = "View Components";
			sourceTree = "<group>";
		};
		423E6387278CB40D0008AC7A /* Resources */ = {
			isa = PBXGroup;
			children = (
				423E6388278CB43F0008AC7A /* Localizable.strings */,
			);
			path = Resources;
			sourceTree = "<group>";
		};
		423E638A278CB59A0008AC7A /* Utils */ = {
			isa = PBXGroup;
			children = (
				423E638B278CB5C80008AC7A /* Localizable.swift */,
				4256108D278CD16B00EDB325 /* View+Ext.swift */,
				4256109D278D9A7E00EDB325 /* AssetName.swift */,
			);
			path = Utils;
			sourceTree = "<group>";
		};
		42561091278D6D9A00EDB325 /* Injection */ = {
			isa = PBXGroup;
			children = (
				42561092278D6DB100EDB325 /* DependencyContainer.swift */,
				42561094278D6DF400EDB325 /* DependencyObject.swift */,
				42561096278D6E4300EDB325 /* DependencyLifecycle.swift */,
				42561098278D6EA600EDB325 /* Inject.swift */,
			);
			path = Injection;
			sourceTree = "<group>";
		};
		425610AF278DD1AC00EDB325 /* Selectable */ = {
			isa = PBXGroup;
			children = (
				425610B0278DD1C500EDB325 /* Selectable.swift */,
			);
			path = Selectable;
			sourceTree = "<group>";
		};
		42F4AECF27917F6500972AF1 /* Routing */ = {
			isa = PBXGroup;
			children = (
				42F4AED027917FA800972AF1 /* Router.swift */,
			);
			path = Routing;
			sourceTree = "<group>";
		};
/* End PBXGroup section */

/* Begin PBXNativeTarget section */
		423E6327278C25660008AC7A /* Barista */ = {
			isa = PBXNativeTarget;
			buildConfigurationList = 423E634C278C25680008AC7A /* Build configuration list for PBXNativeTarget "Barista" */;
			buildPhases = (
				423E6324278C25660008AC7A /* Sources */,
				423E6325278C25660008AC7A /* Frameworks */,
				423E6326278C25660008AC7A /* Resources */,
			);
			buildRules = (
			);
			dependencies = (
			);
			name = Barista;
			productName = Barista;
			productReference = 423E6328278C25660008AC7A /* Barista.app */;
			productType = "com.apple.product-type.application";
		};
		423E6337278C25680008AC7A /* BaristaTests */ = {
			isa = PBXNativeTarget;
			buildConfigurationList = 423E634F278C25680008AC7A /* Build configuration list for PBXNativeTarget "BaristaTests" */;
			buildPhases = (
				423E6334278C25680008AC7A /* Sources */,
				423E6335278C25680008AC7A /* Frameworks */,
				423E6336278C25680008AC7A /* Resources */,
			);
			buildRules = (
			);
			dependencies = (
				423E633A278C25680008AC7A /* PBXTargetDependency */,
			);
			name = BaristaTests;
			productName = BaristaTests;
			productReference = 423E6338278C25680008AC7A /* BaristaTests.xctest */;
			productType = "com.apple.product-type.bundle.unit-test";
		};
		423E6341278C25680008AC7A /* BaristaUITests */ = {
			isa = PBXNativeTarget;
			buildConfigurationList = 423E6352278C25680008AC7A /* Build configuration list for PBXNativeTarget "BaristaUITests" */;
			buildPhases = (
				423E633E278C25680008AC7A /* Sources */,
				423E633F278C25680008AC7A /* Frameworks */,
				423E6340278C25680008AC7A /* Resources */,
			);
			buildRules = (
			);
			dependencies = (
				423E6344278C25680008AC7A /* PBXTargetDependency */,
			);
			name = BaristaUITests;
			productName = BaristaUITests;
			productReference = 423E6342278C25680008AC7A /* BaristaUITests.xctest */;
			productType = "com.apple.product-type.bundle.ui-testing";
		};
/* End PBXNativeTarget section */

/* Begin PBXProject section */
		423E6320278C25660008AC7A /* Project object */ = {
			isa = PBXProject;
			attributes = {
				BuildIndependentTargetsInParallel = 1;
				LastSwiftUpdateCheck = 1320;
				LastUpgradeCheck = 1320;
				TargetAttributes = {
					423E6327278C25660008AC7A = {
						CreatedOnToolsVersion = 13.2.1;
					};
					423E6337278C25680008AC7A = {
						CreatedOnToolsVersion = 13.2.1;
						TestTargetID = 423E6327278C25660008AC7A;
					};
					423E6341278C25680008AC7A = {
						CreatedOnToolsVersion = 13.2.1;
						TestTargetID = 423E6327278C25660008AC7A;
					};
				};
			};
			buildConfigurationList = 423E6323278C25660008AC7A /* Build configuration list for PBXProject "Barista" */;
			compatibilityVersion = "Xcode 13.0";
			developmentRegion = en;
			hasScannedForEncodings = 0;
			knownRegions = (
				en,
				Base,
			);
			mainGroup = 423E631F278C25660008AC7A;
			productRefGroup = 423E6329278C25660008AC7A /* Products */;
			projectDirPath = "";
			projectRoot = "";
			targets = (
				423E6327278C25660008AC7A /* Barista */,
				423E6337278C25680008AC7A /* BaristaTests */,
				423E6341278C25680008AC7A /* BaristaUITests */,
			);
		};
/* End PBXProject section */

/* Begin PBXResourcesBuildPhase section */
		423E6326278C25660008AC7A /* Resources */ = {
			isa = PBXResourcesBuildPhase;
			buildActionMask = 2147483647;
			files = (
				423E6333278C25680008AC7A /* Preview Assets.xcassets in Resources */,
				423E6389278CB43F0008AC7A /* Localizable.strings in Resources */,
				423E6330278C25680008AC7A /* Assets.xcassets in Resources */,
			);
			runOnlyForDeploymentPostprocessing = 0;
		};
		423E6336278C25680008AC7A /* Resources */ = {
			isa = PBXResourcesBuildPhase;
			buildActionMask = 2147483647;
			files = (
			);
			runOnlyForDeploymentPostprocessing = 0;
		};
		423E6340278C25680008AC7A /* Resources */ = {
			isa = PBXResourcesBuildPhase;
			buildActionMask = 2147483647;
			files = (
			);
			runOnlyForDeploymentPostprocessing = 0;
		};
/* End PBXResourcesBuildPhase section */

/* Begin PBXSourcesBuildPhase section */
		423E6324278C25660008AC7A /* Sources */ = {
			isa = PBXSourcesBuildPhase;
			buildActionMask = 2147483647;
			files = (
				423E637E278C98050008AC7A /* Fonts.swift in Sources */,
				423E6383278CB1D80008AC7A /* TitleText.swift in Sources */,
				42561090278CD33500EDB325 /* StylesView.swift in Sources */,
				423E638C278CB5C80008AC7A /* Localizable.swift in Sources */,
				423E6374278C7F150008AC7A /* DefaultViewTraits.swift in Sources */,
				423E6362278C3A130008AC7A /* Size.swift in Sources */,
				423E637C278C8E340008AC7A /* ScanView.swift in Sources */,
				423E632C278C25660008AC7A /* BaristaApp.swift in Sources */,
				425610A6278DB37100EDB325 /* SizesViewModel.swift in Sources */,
				423E635E278C398A0008AC7A /* CoffeeStyle.swift in Sources */,
				42C1C87E278F8091006E3ED2 /* CoffeeButton.swift in Sources */,
				425610AA278DB3CF00EDB325 /* OverviewViewModel.swift in Sources */,
				425610A4278DA1B600EDB325 /* OverviewView.swift in Sources */,
				423E6364278C3A440008AC7A /* Extra.swift in Sources */,
				423E6376278C80DE0008AC7A /* StylesViewModel.swift in Sources */,
				42561097278D6E4300EDB325 /* DependencyLifecycle.swift in Sources */,
				423E6366278C3DA90008AC7A /* CoffeeError.swift in Sources */,
				423E638E278CC3060008AC7A /* CoffeeNavigationView.swift in Sources */,
				425610B7278E0DAA00EDB325 /* ExtraRowViewModel.swift in Sources */,
				425610B1278DD1C500EDB325 /* Selectable.swift in Sources */,
				425610B9278E119A00EDB325 /* ExtraCardView.swift in Sources */,
				425610AE278DBD0500EDB325 /* StyleCard.swift in Sources */,
				4256109E278D9A7E00EDB325 /* AssetName.swift in Sources */,
				423E6378278C82570008AC7A /* ScanViewModel.swift in Sources */,
				42C1C875278EBEE7006E3ED2 /* NetworkManager.swift in Sources */,
				425610AC278DB3F400EDB325 /* Overview.swift in Sources */,
				423E636E278C6CAC0008AC7A /* UIColor+Ext.swift in Sources */,
				425610A8278DB3A200EDB325 /* ExtrasViewModel.swift in Sources */,
				425610B3278DFACC00EDB325 /* StyleRowViewModel.swift in Sources */,
				42561095278D6DF400EDB325 /* DependencyObject.swift in Sources */,
				42F4AED127917FA800972AF1 /* Router.swift in Sources */,
				423E6368278C62400008AC7A /* Endpoints.swift in Sources */,
				42C1C87C278F6F58006E3ED2 /* OverviewRow.swift in Sources */,
				42561099278D6EA600EDB325 /* Inject.swift in Sources */,
				423E6380278CAED50008AC7A /* SubtitleText.swift in Sources */,
				4256108E278CD16B00EDB325 /* View+Ext.swift in Sources */,
				423E6385278CB2090008AC7A /* LinkText.swift in Sources */,
				423E6372278C768A0008AC7A /* CardView.swift in Sources */,
				42561093278D6DB100EDB325 /* DependencyContainer.swift in Sources */,
				425610A2278DA1A400EDB325 /* ExtrasView.swift in Sources */,
				423E6360278C39F10008AC7A /* Coffee.swift in Sources */,
				425610B5278E07F200EDB325 /* SizeRowViewModel.swift in Sources */,
				425610A0278DA16700EDB325 /* SizesView.swift in Sources */,
			);
			runOnlyForDeploymentPostprocessing = 0;
		};
		423E6334278C25680008AC7A /* Sources */ = {
			isa = PBXSourcesBuildPhase;
			buildActionMask = 2147483647;
			files = (
				423E633D278C25680008AC7A /* BaristaTests.swift in Sources */,
			);
			runOnlyForDeploymentPostprocessing = 0;
		};
		423E633E278C25680008AC7A /* Sources */ = {
			isa = PBXSourcesBuildPhase;
			buildActionMask = 2147483647;
			files = (
				423E6347278C25680008AC7A /* BaristaUITests.swift in Sources */,
				423E6349278C25680008AC7A /* BaristaUITestsLaunchTests.swift in Sources */,
			);
			runOnlyForDeploymentPostprocessing = 0;
		};
/* End PBXSourcesBuildPhase section */

/* Begin PBXTargetDependency section */
		423E633A278C25680008AC7A /* PBXTargetDependency */ = {
			isa = PBXTargetDependency;
			target = 423E6327278C25660008AC7A /* Barista */;
			targetProxy = 423E6339278C25680008AC7A /* PBXContainerItemProxy */;
		};
		423E6344278C25680008AC7A /* PBXTargetDependency */ = {
			isa = PBXTargetDependency;
			target = 423E6327278C25660008AC7A /* Barista */;
			targetProxy = 423E6343278C25680008AC7A /* PBXContainerItemProxy */;
		};
/* End PBXTargetDependency section */

/* Begin XCBuildConfiguration section */
		423E634A278C25680008AC7A /* Debug */ = {
			isa = XCBuildConfiguration;
			buildSettings = {
				ALWAYS_SEARCH_USER_PATHS = NO;
				CLANG_ANALYZER_NONNULL = YES;
				CLANG_ANALYZER_NUMBER_OBJECT_CONVERSION = YES_AGGRESSIVE;
				CLANG_CXX_LANGUAGE_STANDARD = "gnu++17";
				CLANG_CXX_LIBRARY = "libc++";
				CLANG_ENABLE_MODULES = YES;
				CLANG_ENABLE_OBJC_ARC = YES;
				CLANG_ENABLE_OBJC_WEAK = YES;
				CLANG_WARN_BLOCK_CAPTURE_AUTORELEASING = YES;
				CLANG_WARN_BOOL_CONVERSION = YES;
				CLANG_WARN_COMMA = YES;
				CLANG_WARN_CONSTANT_CONVERSION = YES;
				CLANG_WARN_DEPRECATED_OBJC_IMPLEMENTATIONS = YES;
				CLANG_WARN_DIRECT_OBJC_ISA_USAGE = YES_ERROR;
				CLANG_WARN_DOCUMENTATION_COMMENTS = YES;
				CLANG_WARN_EMPTY_BODY = YES;
				CLANG_WARN_ENUM_CONVERSION = YES;
				CLANG_WARN_INFINITE_RECURSION = YES;
				CLANG_WARN_INT_CONVERSION = YES;
				CLANG_WARN_NON_LITERAL_NULL_CONVERSION = YES;
				CLANG_WARN_OBJC_IMPLICIT_RETAIN_SELF = YES;
				CLANG_WARN_OBJC_LITERAL_CONVERSION = YES;
				CLANG_WARN_OBJC_ROOT_CLASS = YES_ERROR;
				CLANG_WARN_QUOTED_INCLUDE_IN_FRAMEWORK_HEADER = YES;
				CLANG_WARN_RANGE_LOOP_ANALYSIS = YES;
				CLANG_WARN_STRICT_PROTOTYPES = YES;
				CLANG_WARN_SUSPICIOUS_MOVE = YES;
				CLANG_WARN_UNGUARDED_AVAILABILITY = YES_AGGRESSIVE;
				CLANG_WARN_UNREACHABLE_CODE = YES;
				CLANG_WARN__DUPLICATE_METHOD_MATCH = YES;
				COPY_PHASE_STRIP = NO;
				DEBUG_INFORMATION_FORMAT = dwarf;
				ENABLE_STRICT_OBJC_MSGSEND = YES;
				ENABLE_TESTABILITY = YES;
				GCC_C_LANGUAGE_STANDARD = gnu11;
				GCC_DYNAMIC_NO_PIC = NO;
				GCC_NO_COMMON_BLOCKS = YES;
				GCC_OPTIMIZATION_LEVEL = 0;
				GCC_PREPROCESSOR_DEFINITIONS = (
					"DEBUG=1",
					"$(inherited)",
				);
				GCC_WARN_64_TO_32_BIT_CONVERSION = YES;
				GCC_WARN_ABOUT_RETURN_TYPE = YES_ERROR;
				GCC_WARN_UNDECLARED_SELECTOR = YES;
				GCC_WARN_UNINITIALIZED_AUTOS = YES_AGGRESSIVE;
				GCC_WARN_UNUSED_FUNCTION = YES;
				GCC_WARN_UNUSED_VARIABLE = YES;
				IPHONEOS_DEPLOYMENT_TARGET = 15.2;
				MTL_ENABLE_DEBUG_INFO = INCLUDE_SOURCE;
				MTL_FAST_MATH = YES;
				ONLY_ACTIVE_ARCH = YES;
				SDKROOT = iphoneos;
				SWIFT_ACTIVE_COMPILATION_CONDITIONS = DEBUG;
				SWIFT_OPTIMIZATION_LEVEL = "-Onone";
			};
			name = Debug;
		};
		423E634B278C25680008AC7A /* Release */ = {
			isa = XCBuildConfiguration;
			buildSettings = {
				ALWAYS_SEARCH_USER_PATHS = NO;
				CLANG_ANALYZER_NONNULL = YES;
				CLANG_ANALYZER_NUMBER_OBJECT_CONVERSION = YES_AGGRESSIVE;
				CLANG_CXX_LANGUAGE_STANDARD = "gnu++17";
				CLANG_CXX_LIBRARY = "libc++";
				CLANG_ENABLE_MODULES = YES;
				CLANG_ENABLE_OBJC_ARC = YES;
				CLANG_ENABLE_OBJC_WEAK = YES;
				CLANG_WARN_BLOCK_CAPTURE_AUTORELEASING = YES;
				CLANG_WARN_BOOL_CONVERSION = YES;
				CLANG_WARN_COMMA = YES;
				CLANG_WARN_CONSTANT_CONVERSION = YES;
				CLANG_WARN_DEPRECATED_OBJC_IMPLEMENTATIONS = YES;
				CLANG_WARN_DIRECT_OBJC_ISA_USAGE = YES_ERROR;
				CLANG_WARN_DOCUMENTATION_COMMENTS = YES;
				CLANG_WARN_EMPTY_BODY = YES;
				CLANG_WARN_ENUM_CONVERSION = YES;
				CLANG_WARN_INFINITE_RECURSION = YES;
				CLANG_WARN_INT_CONVERSION = YES;
				CLANG_WARN_NON_LITERAL_NULL_CONVERSION = YES;
				CLANG_WARN_OBJC_IMPLICIT_RETAIN_SELF = YES;
				CLANG_WARN_OBJC_LITERAL_CONVERSION = YES;
				CLANG_WARN_OBJC_ROOT_CLASS = YES_ERROR;
				CLANG_WARN_QUOTED_INCLUDE_IN_FRAMEWORK_HEADER = YES;
				CLANG_WARN_RANGE_LOOP_ANALYSIS = YES;
				CLANG_WARN_STRICT_PROTOTYPES = YES;
				CLANG_WARN_SUSPICIOUS_MOVE = YES;
				CLANG_WARN_UNGUARDED_AVAILABILITY = YES_AGGRESSIVE;
				CLANG_WARN_UNREACHABLE_CODE = YES;
				CLANG_WARN__DUPLICATE_METHOD_MATCH = YES;
				COPY_PHASE_STRIP = NO;
				DEBUG_INFORMATION_FORMAT = "dwarf-with-dsym";
				ENABLE_NS_ASSERTIONS = NO;
				ENABLE_STRICT_OBJC_MSGSEND = YES;
				GCC_C_LANGUAGE_STANDARD = gnu11;
				GCC_NO_COMMON_BLOCKS = YES;
				GCC_WARN_64_TO_32_BIT_CONVERSION = YES;
				GCC_WARN_ABOUT_RETURN_TYPE = YES_ERROR;
				GCC_WARN_UNDECLARED_SELECTOR = YES;
				GCC_WARN_UNINITIALIZED_AUTOS = YES_AGGRESSIVE;
				GCC_WARN_UNUSED_FUNCTION = YES;
				GCC_WARN_UNUSED_VARIABLE = YES;
				IPHONEOS_DEPLOYMENT_TARGET = 15.2;
				MTL_ENABLE_DEBUG_INFO = NO;
				MTL_FAST_MATH = YES;
				SDKROOT = iphoneos;
				SWIFT_COMPILATION_MODE = wholemodule;
				SWIFT_OPTIMIZATION_LEVEL = "-O";
				VALIDATE_PRODUCT = YES;
			};
			name = Release;
		};
		423E634D278C25680008AC7A /* Debug */ = {
			isa = XCBuildConfiguration;
			buildSettings = {
				ASSETCATALOG_COMPILER_APPICON_NAME = AppIcon;
				ASSETCATALOG_COMPILER_GLOBAL_ACCENT_COLOR_NAME = AccentColor;
				CODE_SIGN_STYLE = Automatic;
				CURRENT_PROJECT_VERSION = 1;
				DEVELOPMENT_ASSET_PATHS = "\"Barista/Preview Content\"";
				DEVELOPMENT_TEAM = H359XW97M2;
				ENABLE_PREVIEWS = YES;
				GENERATE_INFOPLIST_FILE = YES;
				INFOPLIST_FILE = Barista/Info.plist;
				INFOPLIST_KEY_UIApplicationSceneManifest_Generation = YES;
				INFOPLIST_KEY_UIApplicationSupportsIndirectInputEvents = YES;
				INFOPLIST_KEY_UISupportedInterfaceOrientations_iPad = "UIInterfaceOrientationPortrait UIInterfaceOrientationPortraitUpsideDown UIInterfaceOrientationLandscapeLeft UIInterfaceOrientationLandscapeRight";
				INFOPLIST_KEY_UISupportedInterfaceOrientations_iPhone = "UIInterfaceOrientationPortrait UIInterfaceOrientationLandscapeLeft UIInterfaceOrientationLandscapeRight";
				LD_RUNPATH_SEARCH_PATHS = (
					"$(inherited)",
					"@executable_path/Frameworks",
				);
				MARKETING_VERSION = 1.0;
				PRODUCT_BUNDLE_IDENTIFIER = com.coffee.app.Barista;
				PRODUCT_NAME = "$(TARGET_NAME)";
				SWIFT_EMIT_LOC_STRINGS = YES;
				SWIFT_VERSION = 5.0;
				TARGETED_DEVICE_FAMILY = "1,2";
			};
			name = Debug;
		};
		423E634E278C25680008AC7A /* Release */ = {
			isa = XCBuildConfiguration;
			buildSettings = {
				ASSETCATALOG_COMPILER_APPICON_NAME = AppIcon;
				ASSETCATALOG_COMPILER_GLOBAL_ACCENT_COLOR_NAME = AccentColor;
				CODE_SIGN_STYLE = Automatic;
				CURRENT_PROJECT_VERSION = 1;
				DEVELOPMENT_ASSET_PATHS = "\"Barista/Preview Content\"";
				DEVELOPMENT_TEAM = H359XW97M2;
				ENABLE_PREVIEWS = YES;
				GENERATE_INFOPLIST_FILE = YES;
				INFOPLIST_FILE = Barista/Info.plist;
				INFOPLIST_KEY_UIApplicationSceneManifest_Generation = YES;
				INFOPLIST_KEY_UIApplicationSupportsIndirectInputEvents = YES;
				INFOPLIST_KEY_UISupportedInterfaceOrientations_iPad = "UIInterfaceOrientationPortrait UIInterfaceOrientationPortraitUpsideDown UIInterfaceOrientationLandscapeLeft UIInterfaceOrientationLandscapeRight";
				INFOPLIST_KEY_UISupportedInterfaceOrientations_iPhone = "UIInterfaceOrientationPortrait UIInterfaceOrientationLandscapeLeft UIInterfaceOrientationLandscapeRight";
				LD_RUNPATH_SEARCH_PATHS = (
					"$(inherited)",
					"@executable_path/Frameworks",
				);
				MARKETING_VERSION = 1.0;
				PRODUCT_BUNDLE_IDENTIFIER = com.coffee.app.Barista;
				PRODUCT_NAME = "$(TARGET_NAME)";
				SWIFT_EMIT_LOC_STRINGS = YES;
				SWIFT_VERSION = 5.0;
				TARGETED_DEVICE_FAMILY = "1,2";
			};
			name = Release;
		};
		423E6350278C25680008AC7A /* Debug */ = {
			isa = XCBuildConfiguration;
			buildSettings = {
				ALWAYS_EMBED_SWIFT_STANDARD_LIBRARIES = YES;
				BUNDLE_LOADER = "$(TEST_HOST)";
				CODE_SIGN_STYLE = Automatic;
				CURRENT_PROJECT_VERSION = 1;
				DEVELOPMENT_TEAM = H359XW97M2;
				GENERATE_INFOPLIST_FILE = YES;
				IPHONEOS_DEPLOYMENT_TARGET = 15.2;
				MARKETING_VERSION = 1.0;
				PRODUCT_BUNDLE_IDENTIFIER = com.coffee.app.BaristaTests;
				PRODUCT_NAME = "$(TARGET_NAME)";
				SWIFT_EMIT_LOC_STRINGS = NO;
				SWIFT_VERSION = 5.0;
				TARGETED_DEVICE_FAMILY = "1,2";
				TEST_HOST = "$(BUILT_PRODUCTS_DIR)/Barista.app/Barista";
			};
			name = Debug;
		};
		423E6351278C25680008AC7A /* Release */ = {
			isa = XCBuildConfiguration;
			buildSettings = {
				ALWAYS_EMBED_SWIFT_STANDARD_LIBRARIES = YES;
				BUNDLE_LOADER = "$(TEST_HOST)";
				CODE_SIGN_STYLE = Automatic;
				CURRENT_PROJECT_VERSION = 1;
				DEVELOPMENT_TEAM = H359XW97M2;
				GENERATE_INFOPLIST_FILE = YES;
				IPHONEOS_DEPLOYMENT_TARGET = 15.2;
				MARKETING_VERSION = 1.0;
				PRODUCT_BUNDLE_IDENTIFIER = com.coffee.app.BaristaTests;
				PRODUCT_NAME = "$(TARGET_NAME)";
				SWIFT_EMIT_LOC_STRINGS = NO;
				SWIFT_VERSION = 5.0;
				TARGETED_DEVICE_FAMILY = "1,2";
				TEST_HOST = "$(BUILT_PRODUCTS_DIR)/Barista.app/Barista";
			};
			name = Release;
		};
		423E6353278C25680008AC7A /* Debug */ = {
			isa = XCBuildConfiguration;
			buildSettings = {
				ALWAYS_EMBED_SWIFT_STANDARD_LIBRARIES = YES;
				CODE_SIGN_STYLE = Automatic;
				CURRENT_PROJECT_VERSION = 1;
				DEVELOPMENT_TEAM = H359XW97M2;
				GENERATE_INFOPLIST_FILE = YES;
				MARKETING_VERSION = 1.0;
				PRODUCT_BUNDLE_IDENTIFIER = com.coffee.app.BaristaUITests;
				PRODUCT_NAME = "$(TARGET_NAME)";
				SWIFT_EMIT_LOC_STRINGS = NO;
				SWIFT_VERSION = 5.0;
				TARGETED_DEVICE_FAMILY = "1,2";
				TEST_TARGET_NAME = Barista;
			};
			name = Debug;
		};
		423E6354278C25680008AC7A /* Release */ = {
			isa = XCBuildConfiguration;
			buildSettings = {
				ALWAYS_EMBED_SWIFT_STANDARD_LIBRARIES = YES;
				CODE_SIGN_STYLE = Automatic;
				CURRENT_PROJECT_VERSION = 1;
				DEVELOPMENT_TEAM = H359XW97M2;
				GENERATE_INFOPLIST_FILE = YES;
				MARKETING_VERSION = 1.0;
				PRODUCT_BUNDLE_IDENTIFIER = com.coffee.app.BaristaUITests;
				PRODUCT_NAME = "$(TARGET_NAME)";
				SWIFT_EMIT_LOC_STRINGS = NO;
				SWIFT_VERSION = 5.0;
				TARGETED_DEVICE_FAMILY = "1,2";
				TEST_TARGET_NAME = Barista;
			};
			name = Release;
		};
/* End XCBuildConfiguration section */

/* Begin XCConfigurationList section */
		423E6323278C25660008AC7A /* Build configuration list for PBXProject "Barista" */ = {
			isa = XCConfigurationList;
			buildConfigurations = (
				423E634A278C25680008AC7A /* Debug */,
				423E634B278C25680008AC7A /* Release */,
			);
			defaultConfigurationIsVisible = 0;
			defaultConfigurationName = Release;
		};
		423E634C278C25680008AC7A /* Build configuration list for PBXNativeTarget "Barista" */ = {
			isa = XCConfigurationList;
			buildConfigurations = (
				423E634D278C25680008AC7A /* Debug */,
				423E634E278C25680008AC7A /* Release */,
			);
			defaultConfigurationIsVisible = 0;
			defaultConfigurationName = Release;
		};
		423E634F278C25680008AC7A /* Build configuration list for PBXNativeTarget "BaristaTests" */ = {
			isa = XCConfigurationList;
			buildConfigurations = (
				423E6350278C25680008AC7A /* Debug */,
				423E6351278C25680008AC7A /* Release */,
			);
			defaultConfigurationIsVisible = 0;
			defaultConfigurationName = Release;
		};
		423E6352278C25680008AC7A /* Build configuration list for PBXNativeTarget "BaristaUITests" */ = {
			isa = XCConfigurationList;
			buildConfigurations = (
				423E6353278C25680008AC7A /* Debug */,
				423E6354278C25680008AC7A /* Release */,
			);
			defaultConfigurationIsVisible = 0;
			defaultConfigurationName = Release;
		};
/* End XCConfigurationList section */
	};
	rootObject = 423E6320278C25660008AC7A /* Project object */;
}
